
Microsoft Visual Studio Solution File, Format Version 12.00
# Visual Studio 15
VisualStudioVersion = 15.0.28307.489
MinimumVisualStudioVersion = 10.0.40219.1
Project("{FAE04EC0-301F-11D3-BF4B-00C04F79EFBC}") = "OpenCCureJournalViewExcel", "OpenCCureJournalViewExcel\OpenCCureJournalViewExcel.csproj", "{91413824-1852-46C3-A573-64BF951DCAED}"
EndProject
Global
	GlobalSection(SolutionConfigurationPlatforms) = preSolution
		Debug|Any CPU = Debug|Any CPU
		Release|Any CPU = Release|Any CPU
	EndGlobalSection
	GlobalSection(ProjectConfigurationPlatforms) = postSolution
		{91413824-1852-46C3-A573-64BF951DCAED}.Debug|Any CPU.ActiveCfg = Debug|Any CPU
		{91413824-1852-46C3-A573-64BF951DCAED}.Debug|Any CPU.Build.0 = Debug|Any CPU
		{91413824-1852-46C3-A573-64BF951DCAED}.Release|Any CPU.ActiveCfg = Release|Any CPU
		{91413824-1852-46C3-A573-64BF951DCAED}.Release|Any CPU.Build.0 = Release|Any CPU
	EndGlobalSection
	GlobalSection(SolutionProperties) = preSolution
		HideSolutionNode = FALSE
	EndGlobalSection
	GlobalSection(ExtensibilityGlobals) = postSolution
		SolutionGuid = {182511FE-37C6-4FF5-B750-A8CF6893E6CD}
	EndGlobalSection
EndGlobal
